
Microsoft Visual Studio Solution File, Format Version 12.00
# Visual Studio Version 17
VisualStudioVersion = 17.4.33122.133
MinimumVisualStudioVersion = 10.0.40219.1
Project("{2150E333-8FDC-42A3-9474-1A3956D46DE8}") = "TagHolders", "TagHolders", "{929CC08E-CE83-4C16-9B88-F3319C23033F}"
EndProject
Project("{9A19103F-16F7-4668-BE54-9A1E7A4F7556}") = "eWolfTagHolders", "eWolfTagHolders\eWolfTagHolders.csproj", "{064D5339-3097-4255-AA2C-CD025171EAB8}"
EndProject
Project("{9A19103F-16F7-4668-BE54-9A1E7A4F7556}") = "eWolfTagHolders.UnitTests", "eWolfTagHolders.UnitTests\eWolfTagHolders.UnitTests.csproj", "{87CC8E4F-857B-49E3-A780-4AA8CD4749B1}"
EndProject
Project("{2150E333-8FDC-42A3-9474-1A3956D46DE8}") = "eWolfSounds", "eWolfSounds", "{9D6C72C9-2209-4595-98A5-57FCB04AD522}"
EndProject
Project("{9A19103F-16F7-4668-BE54-9A1E7A4F7556}") = "eWolfSounds_UI", "eWolfSounds_UI\eWolfSounds_UI.csproj", "{E5D25FA7-4783-43C6-AAAB-233941FE5FE2}"
EndProject
Project("{2150E333-8FDC-42A3-9474-1A3956D46DE8}") = "MetaImageTagger", "MetaImageTagger", "{3630E9DA-C7D6-4B2F-9EC9-7437DC8B811C}"
EndProject
Project("{9A19103F-16F7-4668-BE54-9A1E7A4F7556}") = "eWolfMetaTagging", "eWolfMetaTagging\eWolfMetaTagging\eWolfMetaTagging.csproj", "{B6D6D9BB-C690-4D87-A9DB-1C22353EBAB0}"
EndProject
Project("{2150E333-8FDC-42A3-9474-1A3956D46DE8}") = "ModelDetailsExtractor", "ModelDetailsExtractor", "{7380BB6F-275F-4D74-87A1-A76DED5F25BE}"
EndProject
Project("{9A19103F-16F7-4668-BE54-9A1E7A4F7556}") = "ExtractModelDetails", "ModelDetailsExtractor\ExtractModelDetails.csproj", "{6E3AAA42-9C9C-4F4E-B665-FC63E9763EA9}"
EndProject
Project("{9A19103F-16F7-4668-BE54-9A1E7A4F7556}") = "ExtractModelDetails.UnitTests", "ExtractModelDetails.UnitTests\ExtractModelDetails.UnitTests.csproj", "{67A58594-41F3-4E90-9E0F-A85FBCC2F7F4}"
EndProject
Project("{2150E333-8FDC-42A3-9474-1A3956D46DE8}") = "Reports", "Reports", "{5DE03317-0A30-4CBF-A2A3-70789D9D7E68}"
EndProject
Project("{FAE04EC0-301F-11D3-BF4B-00C04F79EFBC}") = "GCRSalesReport", "eWolfReports\GCRSalesReport\GCRSalesReport.csproj", "{5823D92B-85F8-415B-8A44-305D31E495D2}"
EndProject
Project("{2150E333-8FDC-42A3-9474-1A3956D46DE8}") = "Tools", "Tools", "{001340F2-AE65-4279-AA50-5B28B83941E5}"
EndProject
Project("{FAE04EC0-301F-11D3-BF4B-00C04F79EFBC}") = "FileNameCleaner", "Tools\FileNameCleaner\FileNameCleaner.csproj", "{53CA876F-2FFC-4FAD-B6D3-FBAFC3A79561}"
EndProject
Project("{FAE04EC0-301F-11D3-BF4B-00C04F79EFBC}") = "ThumbnailCreator", "Tools\ThumbnailCreator\ThumbnailCreator.csproj", "{3D58E5B7-2DB2-47A8-AA31-C00034BF7877}"
EndProject
Project("{2150E333-8FDC-42A3-9474-1A3956D46DE8}") = "Common", "Common", "{02EA681E-C7D8-13C7-8484-4AC65E1B71E8}"
EndProject
Project("{FAE04EC0-301F-11D3-BF4B-00C04F79EFBC}") = "CommonCode", "CommonCode\CommonCode.csproj", "{8017BEFC-BA00-462A-8D81-B42FCEFAE492}"
EndProject
Project("{FAE04EC0-301F-11D3-BF4B-00C04F79EFBC}") = "CommonCode.UnitTests", "CommonCode.UnitTests\CommonCode.UnitTests.csproj", "{FFEB7601-9B07-462B-B671-1F9B32E50E1E}"
EndProject
Project("{FAE04EC0-301F-11D3-BF4B-00C04F79EFBC}") = "CreateAudioVideos", "Tools\CreateAudioVideos\CreateAudioVideos.csproj", "{2FB78202-0A22-4336-AB11-FAAF6F123491}"
EndProject
Project("{FAE04EC0-301F-11D3-BF4B-00C04F79EFBC}") = "MatchingFiles", "MatchingFiles\MatchingFiles.csproj", "{08DF1B06-C347-4726-BB30-30A1B6DF5F2D}"
EndProject
Project("{2150E333-8FDC-42A3-9474-1A3956D46DE8}") = "eWolfSites", "eWolfSites", "{806457B2-59DF-4FA5-BFC5-FCE3FF38F80A}"
EndProject
Project("{FAE04EC0-301F-11D3-BF4B-00C04F79EFBC}") = "eWolfAudioSiteBuilder", "..\eWolfSiteBuilder\eWolfAudioSiteBuilder\eWolfAudioSiteBuilder.csproj", "{3B5B0180-42C6-97DF-8300-4C02CBB6564E}"
EndProject
Project("{FAE04EC0-301F-11D3-BF4B-00C04F79EFBC}") = "eWolfAudioShows", "..\eWolfSiteBuilder\eWolfAudioShows\eWolfAudioShows.csproj", "{E6CEF8B4-0D58-D50F-BF39-4E2D2EE136F9}"
EndProject
Project("{FAE04EC0-301F-11D3-BF4B-00C04F79EFBC}") = "eWolfSiteBuilder", "..\eWolfSiteBuilder\eWolfSiteBuilder\eWolfSiteBuilder.csproj", "{887FC8B3-7517-BF53-8791-472F1D5E4F95}"
EndProject
Project("{FAE04EC0-301F-11D3-BF4B-00C04F79EFBC}") = "Titles", "Tools\Titles\Titles.csproj", "{D6027867-7F6B-4930-BA38-03B61C34B59A}"
EndProject
Project("{FAE04EC0-301F-11D3-BF4B-00C04F79EFBC}") = "WPF", "Common\WPF\WPF.csproj", "{0D116B1F-ABAB-41D4-93E7-31E804892C65}"
EndProject
Global
	GlobalSection(SolutionConfigurationPlatforms) = preSolution
		Debug|Any CPU = Debug|Any CPU
		Release|Any CPU = Release|Any CPU
	EndGlobalSection
	GlobalSection(ProjectConfigurationPlatforms) = postSolution
		{064D5339-3097-4255-AA2C-CD025171EAB8}.Debug|Any CPU.ActiveCfg = Debug|Any CPU
		{064D5339-3097-4255-AA2C-CD025171EAB8}.Debug|Any CPU.Build.0 = Debug|Any CPU
		{064D5339-3097-4255-AA2C-CD025171EAB8}.Release|Any CPU.ActiveCfg = Release|Any CPU
		{064D5339-3097-4255-AA2C-CD025171EAB8}.Release|Any CPU.Build.0 = Release|Any CPU
		{87CC8E4F-857B-49E3-A780-4AA8CD4749B1}.Debug|Any CPU.ActiveCfg = Debug|Any CPU
		{87CC8E4F-857B-49E3-A780-4AA8CD4749B1}.Debug|Any CPU.Build.0 = Debug|Any CPU
		{87CC8E4F-857B-49E3-A780-4AA8CD4749B1}.Release|Any CPU.ActiveCfg = Release|Any CPU
		{87CC8E4F-857B-49E3-A780-4AA8CD4749B1}.Release|Any CPU.Build.0 = Release|Any CPU
		{E5D25FA7-4783-43C6-AAAB-233941FE5FE2}.Debug|Any CPU.ActiveCfg = Debug|Any CPU
		{E5D25FA7-4783-43C6-AAAB-233941FE5FE2}.Debug|Any CPU.Build.0 = Debug|Any CPU
		{E5D25FA7-4783-43C6-AAAB-233941FE5FE2}.Release|Any CPU.ActiveCfg = Release|Any CPU
		{E5D25FA7-4783-43C6-AAAB-233941FE5FE2}.Release|Any CPU.Build.0 = Release|Any CPU
		{B6D6D9BB-C690-4D87-A9DB-1C22353EBAB0}.Debug|Any CPU.ActiveCfg = Debug|Any CPU
		{B6D6D9BB-C690-4D87-A9DB-1C22353EBAB0}.Debug|Any CPU.Build.0 = Debug|Any CPU
		{B6D6D9BB-C690-4D87-A9DB-1C22353EBAB0}.Release|Any CPU.ActiveCfg = Release|Any CPU
		{B6D6D9BB-C690-4D87-A9DB-1C22353EBAB0}.Release|Any CPU.Build.0 = Release|Any CPU
		{6E3AAA42-9C9C-4F4E-B665-FC63E9763EA9}.Debug|Any CPU.ActiveCfg = Debug|Any CPU
		{6E3AAA42-9C9C-4F4E-B665-FC63E9763EA9}.Debug|Any CPU.Build.0 = Debug|Any CPU
		{6E3AAA42-9C9C-4F4E-B665-FC63E9763EA9}.Release|Any CPU.ActiveCfg = Release|Any CPU
		{6E3AAA42-9C9C-4F4E-B665-FC63E9763EA9}.Release|Any CPU.Build.0 = Release|Any CPU
		{67A58594-41F3-4E90-9E0F-A85FBCC2F7F4}.Debug|Any CPU.ActiveCfg = Debug|Any CPU
		{67A58594-41F3-4E90-9E0F-A85FBCC2F7F4}.Debug|Any CPU.Build.0 = Debug|Any CPU
		{67A58594-41F3-4E90-9E0F-A85FBCC2F7F4}.Release|Any CPU.ActiveCfg = Release|Any CPU
		{67A58594-41F3-4E90-9E0F-A85FBCC2F7F4}.Release|Any CPU.Build.0 = Release|Any CPU
		{5823D92B-85F8-415B-8A44-305D31E495D2}.Debug|Any CPU.ActiveCfg = Debug|Any CPU
		{5823D92B-85F8-415B-8A44-305D31E495D2}.Debug|Any CPU.Build.0 = Debug|Any CPU
		{5823D92B-85F8-415B-8A44-305D31E495D2}.Release|Any CPU.ActiveCfg = Release|Any CPU
		{5823D92B-85F8-415B-8A44-305D31E495D2}.Release|Any CPU.Build.0 = Release|Any CPU
		{53CA876F-2FFC-4FAD-B6D3-FBAFC3A79561}.Debug|Any CPU.ActiveCfg = Debug|Any CPU
		{53CA876F-2FFC-4FAD-B6D3-FBAFC3A79561}.Debug|Any CPU.Build.0 = Debug|Any CPU
		{53CA876F-2FFC-4FAD-B6D3-FBAFC3A79561}.Release|Any CPU.ActiveCfg = Release|Any CPU
		{53CA876F-2FFC-4FAD-B6D3-FBAFC3A79561}.Release|Any CPU.Build.0 = Release|Any CPU
		{3D58E5B7-2DB2-47A8-AA31-C00034BF7877}.Debug|Any CPU.ActiveCfg = Debug|Any CPU
		{3D58E5B7-2DB2-47A8-AA31-C00034BF7877}.Debug|Any CPU.Build.0 = Debug|Any CPU
		{3D58E5B7-2DB2-47A8-AA31-C00034BF7877}.Release|Any CPU.ActiveCfg = Release|Any CPU
		{3D58E5B7-2DB2-47A8-AA31-C00034BF7877}.Release|Any CPU.Build.0 = Release|Any CPU
		{8017BEFC-BA00-462A-8D81-B42FCEFAE492}.Debug|Any CPU.ActiveCfg = Debug|Any CPU
		{8017BEFC-BA00-462A-8D81-B42FCEFAE492}.Debug|Any CPU.Build.0 = Debug|Any CPU
		{8017BEFC-BA00-462A-8D81-B42FCEFAE492}.Release|Any CPU.ActiveCfg = Release|Any CPU
		{8017BEFC-BA00-462A-8D81-B42FCEFAE492}.Release|Any CPU.Build.0 = Release|Any CPU
		{FFEB7601-9B07-462B-B671-1F9B32E50E1E}.Debug|Any CPU.ActiveCfg = Debug|Any CPU
		{FFEB7601-9B07-462B-B671-1F9B32E50E1E}.Debug|Any CPU.Build.0 = Debug|Any CPU
		{FFEB7601-9B07-462B-B671-1F9B32E50E1E}.Release|Any CPU.ActiveCfg = Release|Any CPU
		{FFEB7601-9B07-462B-B671-1F9B32E50E1E}.Release|Any CPU.Build.0 = Release|Any CPU
		{2FB78202-0A22-4336-AB11-FAAF6F123491}.Debug|Any CPU.ActiveCfg = Debug|Any CPU
		{2FB78202-0A22-4336-AB11-FAAF6F123491}.Debug|Any CPU.Build.0 = Debug|Any CPU
		{2FB78202-0A22-4336-AB11-FAAF6F123491}.Release|Any CPU.ActiveCfg = Release|Any CPU
		{2FB78202-0A22-4336-AB11-FAAF6F123491}.Release|Any CPU.Build.0 = Release|Any CPU
		{08DF1B06-C347-4726-BB30-30A1B6DF5F2D}.Debug|Any CPU.ActiveCfg = Debug|Any CPU
		{08DF1B06-C347-4726-BB30-30A1B6DF5F2D}.Debug|Any CPU.Build.0 = Debug|Any CPU
		{08DF1B06-C347-4726-BB30-30A1B6DF5F2D}.Release|Any CPU.ActiveCfg = Release|Any CPU
		{08DF1B06-C347-4726-BB30-30A1B6DF5F2D}.Release|Any CPU.Build.0 = Release|Any CPU
		{3B5B0180-42C6-97DF-8300-4C02CBB6564E}.Debug|Any CPU.ActiveCfg = Debug|Any CPU
		{3B5B0180-42C6-97DF-8300-4C02CBB6564E}.Debug|Any CPU.Build.0 = Debug|Any CPU
		{3B5B0180-42C6-97DF-8300-4C02CBB6564E}.Release|Any CPU.ActiveCfg = Release|Any CPU
		{3B5B0180-42C6-97DF-8300-4C02CBB6564E}.Release|Any CPU.Build.0 = Release|Any CPU
		{E6CEF8B4-0D58-D50F-BF39-4E2D2EE136F9}.Debug|Any CPU.ActiveCfg = Debug|Any CPU
		{E6CEF8B4-0D58-D50F-BF39-4E2D2EE136F9}.Debug|Any CPU.Build.0 = Debug|Any CPU
		{E6CEF8B4-0D58-D50F-BF39-4E2D2EE136F9}.Release|Any CPU.ActiveCfg = Release|Any CPU
		{E6CEF8B4-0D58-D50F-BF39-4E2D2EE136F9}.Release|Any CPU.Build.0 = Release|Any CPU
		{887FC8B3-7517-BF53-8791-472F1D5E4F95}.Debug|Any CPU.ActiveCfg = Debug|Any CPU
		{887FC8B3-7517-BF53-8791-472F1D5E4F95}.Debug|Any CPU.Build.0 = Debug|Any CPU
		{887FC8B3-7517-BF53-8791-472F1D5E4F95}.Release|Any CPU.ActiveCfg = Release|Any CPU
		{887FC8B3-7517-BF53-8791-472F1D5E4F95}.Release|Any CPU.Build.0 = Release|Any CPU
		{D6027867-7F6B-4930-BA38-03B61C34B59A}.Debug|Any CPU.ActiveCfg = Debug|Any CPU
		{D6027867-7F6B-4930-BA38-03B61C34B59A}.Debug|Any CPU.Build.0 = Debug|Any CPU
		{D6027867-7F6B-4930-BA38-03B61C34B59A}.Release|Any CPU.ActiveCfg = Release|Any CPU
		{D6027867-7F6B-4930-BA38-03B61C34B59A}.Release|Any CPU.Build.0 = Release|Any CPU
		{0D116B1F-ABAB-41D4-93E7-31E804892C65}.Debug|Any CPU.ActiveCfg = Debug|Any CPU
		{0D116B1F-ABAB-41D4-93E7-31E804892C65}.Debug|Any CPU.Build.0 = Debug|Any CPU
		{0D116B1F-ABAB-41D4-93E7-31E804892C65}.Release|Any CPU.ActiveCfg = Release|Any CPU
		{0D116B1F-ABAB-41D4-93E7-31E804892C65}.Release|Any CPU.Build.0 = Release|Any CPU
	EndGlobalSection
	GlobalSection(SolutionProperties) = preSolution
		HideSolutionNode = FALSE
	EndGlobalSection
	GlobalSection(NestedProjects) = preSolution
		{064D5339-3097-4255-AA2C-CD025171EAB8} = {929CC08E-CE83-4C16-9B88-F3319C23033F}
		{87CC8E4F-857B-49E3-A780-4AA8CD4749B1} = {929CC08E-CE83-4C16-9B88-F3319C23033F}
		{E5D25FA7-4783-43C6-AAAB-233941FE5FE2} = {9D6C72C9-2209-4595-98A5-57FCB04AD522}
		{B6D6D9BB-C690-4D87-A9DB-1C22353EBAB0} = {3630E9DA-C7D6-4B2F-9EC9-7437DC8B811C}
		{6E3AAA42-9C9C-4F4E-B665-FC63E9763EA9} = {7380BB6F-275F-4D74-87A1-A76DED5F25BE}
		{67A58594-41F3-4E90-9E0F-A85FBCC2F7F4} = {7380BB6F-275F-4D74-87A1-A76DED5F25BE}
		{5823D92B-85F8-415B-8A44-305D31E495D2} = {5DE03317-0A30-4CBF-A2A3-70789D9D7E68}
		{53CA876F-2FFC-4FAD-B6D3-FBAFC3A79561} = {001340F2-AE65-4279-AA50-5B28B83941E5}
		{3D58E5B7-2DB2-47A8-AA31-C00034BF7877} = {001340F2-AE65-4279-AA50-5B28B83941E5}
		{8017BEFC-BA00-462A-8D81-B42FCEFAE492} = {02EA681E-C7D8-13C7-8484-4AC65E1B71E8}
		{FFEB7601-9B07-462B-B671-1F9B32E50E1E} = {02EA681E-C7D8-13C7-8484-4AC65E1B71E8}
		{2FB78202-0A22-4336-AB11-FAAF6F123491} = {001340F2-AE65-4279-AA50-5B28B83941E5}
		{08DF1B06-C347-4726-BB30-30A1B6DF5F2D} = {001340F2-AE65-4279-AA50-5B28B83941E5}
		{3B5B0180-42C6-97DF-8300-4C02CBB6564E} = {806457B2-59DF-4FA5-BFC5-FCE3FF38F80A}
		{E6CEF8B4-0D58-D50F-BF39-4E2D2EE136F9} = {806457B2-59DF-4FA5-BFC5-FCE3FF38F80A}
		{887FC8B3-7517-BF53-8791-472F1D5E4F95} = {806457B2-59DF-4FA5-BFC5-FCE3FF38F80A}
		{D6027867-7F6B-4930-BA38-03B61C34B59A} = {001340F2-AE65-4279-AA50-5B28B83941E5}
		{0D116B1F-ABAB-41D4-93E7-31E804892C65} = {02EA681E-C7D8-13C7-8484-4AC65E1B71E8}
	EndGlobalSection
	GlobalSection(ExtensibilityGlobals) = postSolution
		SolutionGuid = {16B389B3-87EB-491C-93B6-6463060612A9}
	EndGlobalSection
EndGlobal
